
Microsoft Visual Studio Solution File, Format Version 12.00
# Visual Studio 14
VisualStudioVersion = 14.0.25420.1
MinimumVisualStudioVersion = 10.0.40219.1
Project("{FAE04EC0-301F-11D3-BF4B-00C04F79EFBC}") = "Task_1_Explorer", "Task_1_Explorer\Task_1_Explorer.csproj", "{15FD6A03-E1DC-41F5-89AC-09D7ECA8E119}"
EndProject
Project("{FAE04EC0-301F-11D3-BF4B-00C04F79EFBC}") = "Task_2_TextEditor", "Task_2_TextEditor\Task_2_TextEditor.csproj", "{F524B918-C11F-4776-B527-D7B5CC4A3CBB}"
EndProject
Global
	GlobalSection(SolutionConfigurationPlatforms) = preSolution
		Debug|Any CPU = Debug|Any CPU
		Release|Any CPU = Release|Any CPU
	EndGlobalSection
	GlobalSection(ProjectConfigurationPlatforms) = postSolution
		{15FD6A03-E1DC-41F5-89AC-09D7ECA8E119}.Debug|Any CPU.ActiveCfg = Debug|Any CPU
		{15FD6A03-E1DC-41F5-89AC-09D7ECA8E119}.Debug|Any CPU.Build.0 = Debug|Any CPU
		{15FD6A03-E1DC-41F5-89AC-09D7ECA8E119}.Release|Any CPU.ActiveCfg = Release|Any CPU
		{15FD6A03-E1DC-41F5-89AC-09D7ECA8E119}.Release|Any CPU.Build.0 = Release|Any CPU
		{F524B918-C11F-4776-B527-D7B5CC4A3CBB}.Debug|Any CPU.ActiveCfg = Debug|Any CPU
		{F524B918-C11F-4776-B527-D7B5CC4A3CBB}.Debug|Any CPU.Build.0 = Debug|Any CPU
		{F524B918-C11F-4776-B527-D7B5CC4A3CBB}.Release|Any CPU.ActiveCfg = Release|Any CPU
		{F524B918-C11F-4776-B527-D7B5CC4A3CBB}.Release|Any CPU.Build.0 = Release|Any CPU
	EndGlobalSection
	GlobalSection(SolutionProperties) = preSolution
		HideSolutionNode = FALSE
	EndGlobalSection
EndGlobal
